// !$*UTF8*$!
{
	archiveVersion = 1;
	classes = {
	};
	objectVersion = 56;
	objects = {

/* Begin PBXBuildFile section */
		1B28DD842AD8332000C17778 /* CreateAreaView.swift in Sources */ = {isa = PBXBuildFile; fileRef = 1B28DD832AD8332000C17778 /* CreateAreaView.swift */; };
		1B35FFA82AD1777A004E9BC5 /* CustomTabView.swift in Sources */ = {isa = PBXBuildFile; fileRef = 1B35FFA72AD1777A004E9BC5 /* CustomTabView.swift */; };
		1B35FFAA2AD17B1F004E9BC5 /* AreaView.swift in Sources */ = {isa = PBXBuildFile; fileRef = 1B35FFA92AD17B1F004E9BC5 /* AreaView.swift */; };
		1B62E2D02ACAC9F400CE05AB /* RegistrationView.swift in Sources */ = {isa = PBXBuildFile; fileRef = 1B62E2CF2ACAC9F400CE05AB /* RegistrationView.swift */; };
		1B62E2D22ACACBE100CE05AB /* ButtonView.swift in Sources */ = {isa = PBXBuildFile; fileRef = 1B62E2D12ACACBE100CE05AB /* ButtonView.swift */; };
		1B67666C2ACD8BC600D638C3 /* Alamofire in Frameworks */ = {isa = PBXBuildFile; productRef = 1B67666B2ACD8BC600D638C3 /* Alamofire */; };
		1B6B93002AC2D4CE00C084CD /* Colors.swift in Sources */ = {isa = PBXBuildFile; fileRef = 1B6B92FF2AC2D4CE00C084CD /* Colors.swift */; };
		1B6D8C302AD1609000518331 /* TabView.swift in Sources */ = {isa = PBXBuildFile; fileRef = 1B6D8C2F2AD1609000518331 /* TabView.swift */; };
		1B94D3022AF65B9000122C07 /* AreaInformationView.swift in Sources */ = {isa = PBXBuildFile; fileRef = 1B94D3012AF65B9000122C07 /* AreaInformationView.swift */; };
		1BA4D0042AC4561E00F21586 /* LoginView.swift in Sources */ = {isa = PBXBuildFile; fileRef = 1BA4D0032AC4561E00F21586 /* LoginView.swift */; };
		1BA4D0062AC4563300F21586 /* ContentView.swift in Sources */ = {isa = PBXBuildFile; fileRef = 1BA4D0052AC4563300F21586 /* ContentView.swift */; };
		1BA4D0082AC457D600F21586 /* InputView.swift in Sources */ = {isa = PBXBuildFile; fileRef = 1BA4D0072AC457D600F21586 /* InputView.swift */; };
		1BB565FE2ACC0E8900A3738A /* SettingsRowView.swift in Sources */ = {isa = PBXBuildFile; fileRef = 1BB565FD2ACC0E8900A3738A /* SettingsRowView.swift */; };
		1BB566002ACC12C800A3738A /* ServiceRowView.swift in Sources */ = {isa = PBXBuildFile; fileRef = 1BB565FF2ACC12C800A3738A /* ServiceRowView.swift */; };
		1BD8C79A2ACB5D3400A98950 /* ProfileView.swift in Sources */ = {isa = PBXBuildFile; fileRef = 1BD8C7992ACB5D3400A98950 /* ProfileView.swift */; };
		1BD8C79D2ACB5F8100A98950 /* HomeView.swift in Sources */ = {isa = PBXBuildFile; fileRef = 1BD8C79C2ACB5F8100A98950 /* HomeView.swift */; };
		1BEFEBE32AC1C87900DCFE9C /* MOBILEApp.swift in Sources */ = {isa = PBXBuildFile; fileRef = 1BEFEBE22AC1C87900DCFE9C /* MOBILEApp.swift */; };
		1BEFEBE72AC1C87A00DCFE9C /* Assets.xcassets in Resources */ = {isa = PBXBuildFile; fileRef = 1BEFEBE62AC1C87A00DCFE9C /* Assets.xcassets */; };
		1BEFEBEA2AC1C87A00DCFE9C /* Preview Assets.xcassets in Resources */ = {isa = PBXBuildFile; fileRef = 1BEFEBE92AC1C87A00DCFE9C /* Preview Assets.xcassets */; };
		F847406D2AF562C80095F711 /* DropboxView.swift in Sources */ = {isa = PBXBuildFile; fileRef = F847406C2AF562C80095F711 /* DropboxView.swift */; };
		F847406F2AF568E10095F711 /* GithubView.swift in Sources */ = {isa = PBXBuildFile; fileRef = F847406E2AF568E10095F711 /* GithubView.swift */; };
		F8918EA02AD4353500FBE1F1 /* GoogleView.swift in Sources */ = {isa = PBXBuildFile; fileRef = F8918E9F2AD4353500FBE1F1 /* GoogleView.swift */; };
		F8B2B3F32AE6ABFC00FEFF49 /* SpotifyView.swift in Sources */ = {isa = PBXBuildFile; fileRef = F8B2B3F22AE6ABFC00FEFF49 /* SpotifyView.swift */; };
		F8DE10AA2ACC3BB50053F76E /* CardView.swift in Sources */ = {isa = PBXBuildFile; fileRef = F8DE10A92ACC3BB50053F76E /* CardView.swift */; };
		F8DE10AF2ACC3E340053F76E /* AddCardView.swift in Sources */ = {isa = PBXBuildFile; fileRef = F8DE10AE2ACC3E340053F76E /* AddCardView.swift */; };
		F8E8C7F62AF55200004D632C /* JWTDecode in Frameworks */ = {isa = PBXBuildFile; productRef = F8E8C7F52AF55200004D632C /* JWTDecode */; };
/* End PBXBuildFile section */

/* Begin PBXFileReference section */
		1B28DD832AD8332000C17778 /* CreateAreaView.swift */ = {isa = PBXFileReference; lastKnownFileType = sourcecode.swift; path = CreateAreaView.swift; sourceTree = "<group>"; };
		1B35FFA72AD1777A004E9BC5 /* CustomTabView.swift */ = {isa = PBXFileReference; lastKnownFileType = sourcecode.swift; path = CustomTabView.swift; sourceTree = "<group>"; };
		1B35FFA92AD17B1F004E9BC5 /* AreaView.swift */ = {isa = PBXFileReference; lastKnownFileType = sourcecode.swift; path = AreaView.swift; sourceTree = "<group>"; };
		1B62E2CF2ACAC9F400CE05AB /* RegistrationView.swift */ = {isa = PBXFileReference; lastKnownFileType = sourcecode.swift; path = RegistrationView.swift; sourceTree = "<group>"; };
		1B62E2D12ACACBE100CE05AB /* ButtonView.swift */ = {isa = PBXFileReference; lastKnownFileType = sourcecode.swift; path = ButtonView.swift; sourceTree = "<group>"; };
		1B6B92FF2AC2D4CE00C084CD /* Colors.swift */ = {isa = PBXFileReference; lastKnownFileType = sourcecode.swift; path = Colors.swift; sourceTree = "<group>"; };
		1B6D8C2F2AD1609000518331 /* TabView.swift */ = {isa = PBXFileReference; lastKnownFileType = sourcecode.swift; path = TabView.swift; sourceTree = "<group>"; };
		1B94D3012AF65B9000122C07 /* AreaInformationView.swift */ = {isa = PBXFileReference; lastKnownFileType = sourcecode.swift; path = AreaInformationView.swift; sourceTree = "<group>"; };
		1BA4D0032AC4561E00F21586 /* LoginView.swift */ = {isa = PBXFileReference; lastKnownFileType = sourcecode.swift; path = LoginView.swift; sourceTree = "<group>"; };
		1BA4D0052AC4563300F21586 /* ContentView.swift */ = {isa = PBXFileReference; lastKnownFileType = sourcecode.swift; path = ContentView.swift; sourceTree = "<group>"; };
		1BA4D0072AC457D600F21586 /* InputView.swift */ = {isa = PBXFileReference; lastKnownFileType = sourcecode.swift; path = InputView.swift; sourceTree = "<group>"; };
		1BB565FD2ACC0E8900A3738A /* SettingsRowView.swift */ = {isa = PBXFileReference; lastKnownFileType = sourcecode.swift; path = SettingsRowView.swift; sourceTree = "<group>"; };
		1BB565FF2ACC12C800A3738A /* ServiceRowView.swift */ = {isa = PBXFileReference; lastKnownFileType = sourcecode.swift; path = ServiceRowView.swift; sourceTree = "<group>"; };
		1BD8C7992ACB5D3400A98950 /* ProfileView.swift */ = {isa = PBXFileReference; lastKnownFileType = sourcecode.swift; path = ProfileView.swift; sourceTree = "<group>"; };
		1BD8C79C2ACB5F8100A98950 /* HomeView.swift */ = {isa = PBXFileReference; lastKnownFileType = sourcecode.swift; path = HomeView.swift; sourceTree = "<group>"; };
		1BEFEBDF2AC1C87900DCFE9C /* MOBILE.app */ = {isa = PBXFileReference; explicitFileType = wrapper.application; includeInIndex = 0; path = MOBILE.app; sourceTree = BUILT_PRODUCTS_DIR; };
		1BEFEBE22AC1C87900DCFE9C /* MOBILEApp.swift */ = {isa = PBXFileReference; lastKnownFileType = sourcecode.swift; path = MOBILEApp.swift; sourceTree = "<group>"; };
		1BEFEBE62AC1C87A00DCFE9C /* Assets.xcassets */ = {isa = PBXFileReference; lastKnownFileType = folder.assetcatalog; path = Assets.xcassets; sourceTree = "<group>"; };
		1BEFEBE92AC1C87A00DCFE9C /* Preview Assets.xcassets */ = {isa = PBXFileReference; lastKnownFileType = folder.assetcatalog; path = "Preview Assets.xcassets"; sourceTree = "<group>"; };
		F847406C2AF562C80095F711 /* DropboxView.swift */ = {isa = PBXFileReference; lastKnownFileType = sourcecode.swift; path = DropboxView.swift; sourceTree = "<group>"; };
		F847406E2AF568E10095F711 /* GithubView.swift */ = {isa = PBXFileReference; lastKnownFileType = sourcecode.swift; path = GithubView.swift; sourceTree = "<group>"; };
		F8918E9F2AD4353500FBE1F1 /* GoogleView.swift */ = {isa = PBXFileReference; lastKnownFileType = sourcecode.swift; path = GoogleView.swift; sourceTree = "<group>"; };
		F8B2B3F22AE6ABFC00FEFF49 /* SpotifyView.swift */ = {isa = PBXFileReference; lastKnownFileType = sourcecode.swift; path = SpotifyView.swift; sourceTree = "<group>"; };
		F8C81C112AF50C1500D8A601 /* Info.plist */ = {isa = PBXFileReference; lastKnownFileType = text.plist; path = Info.plist; sourceTree = "<group>"; };
		F8DE10A92ACC3BB50053F76E /* CardView.swift */ = {isa = PBXFileReference; lastKnownFileType = sourcecode.swift; path = CardView.swift; sourceTree = "<group>"; };
		F8DE10AE2ACC3E340053F76E /* AddCardView.swift */ = {isa = PBXFileReference; lastKnownFileType = sourcecode.swift; path = AddCardView.swift; sourceTree = "<group>"; };
/* End PBXFileReference section */

/* Begin PBXFrameworksBuildPhase section */
		1BEFEBDC2AC1C87900DCFE9C /* Frameworks */ = {
			isa = PBXFrameworksBuildPhase;
			buildActionMask = 2147483647;
			files = (
				F8E8C7F62AF55200004D632C /* JWTDecode in Frameworks */,
				1B67666C2ACD8BC600D638C3 /* Alamofire in Frameworks */,
			);
			runOnlyForDeploymentPostprocessing = 0;
		};
/* End PBXFrameworksBuildPhase section */

/* Begin PBXGroup section */
		1B28DD822AD8330E00C17778 /* Area */ = {
			isa = PBXGroup;
			children = (
				1B28DD832AD8332000C17778 /* CreateAreaView.swift */,
				1B94D3012AF65B9000122C07 /* AreaInformationView.swift */,
			);
			path = Area;
			sourceTree = "<group>";
		};
		1BA4CFFE2AC4556900F21586 /* Components */ = {
			isa = PBXGroup;
			children = (
				1BA4D0072AC457D600F21586 /* InputView.swift */,
				1B62E2D12ACACBE100CE05AB /* ButtonView.swift */,
				F8DE10A92ACC3BB50053F76E /* CardView.swift */,
				F8DE10AE2ACC3E340053F76E /* AddCardView.swift */,
				1BB565FD2ACC0E8900A3738A /* SettingsRowView.swift */,
				1BB565FF2ACC12C800A3738A /* ServiceRowView.swift */,
				1B35FFA72AD1777A004E9BC5 /* CustomTabView.swift */,
				F8918E9F2AD4353500FBE1F1 /* GoogleView.swift */,
				F8B2B3F22AE6ABFC00FEFF49 /* SpotifyView.swift */,
				F847406C2AF562C80095F711 /* DropboxView.swift */,
				F847406E2AF568E10095F711 /* GithubView.swift */,
			);
			path = Components;
			sourceTree = "<group>";
		};
		1BA4CFFF2AC4558300F21586 /* Core */ = {
			isa = PBXGroup;
			children = (
				1B28DD822AD8330E00C17778 /* Area */,
				1BD8C79B2ACB5F6300A98950 /* Home */,
				1BA4D0002AC4558A00F21586 /* Authentification */,
				1BA4D0012AC4559400F21586 /* Profile */,
				1BA4D0022AC455A100F21586 /* Root */,
			);
			path = Core;
			sourceTree = "<group>";
		};
		1BA4D0002AC4558A00F21586 /* Authentification */ = {
			isa = PBXGroup;
			children = (
				1BA4D0032AC4561E00F21586 /* LoginView.swift */,
				1B62E2CF2ACAC9F400CE05AB /* RegistrationView.swift */,
			);
			path = Authentification;
			sourceTree = "<group>";
		};
		1BA4D0012AC4559400F21586 /* Profile */ = {
			isa = PBXGroup;
			children = (
				1BD8C7992ACB5D3400A98950 /* ProfileView.swift */,
			);
			path = Profile;
			sourceTree = "<group>";
		};
		1BA4D0022AC455A100F21586 /* Root */ = {
			isa = PBXGroup;
			children = (
				1BA4D0052AC4563300F21586 /* ContentView.swift */,
			);
			path = Root;
			sourceTree = "<group>";
		};
		1BD8C79B2ACB5F6300A98950 /* Home */ = {
			isa = PBXGroup;
			children = (
				1BD8C79C2ACB5F8100A98950 /* HomeView.swift */,
				1B6D8C2F2AD1609000518331 /* TabView.swift */,
				1B35FFA92AD17B1F004E9BC5 /* AreaView.swift */,
			);
			path = Home;
			sourceTree = "<group>";
		};
		1BEFEBD62AC1C87900DCFE9C = {
			isa = PBXGroup;
			children = (
				1BEFEBE12AC1C87900DCFE9C /* MOBILE */,
				1BEFEBE02AC1C87900DCFE9C /* Products */,
			);
			sourceTree = "<group>";
		};
		1BEFEBE02AC1C87900DCFE9C /* Products */ = {
			isa = PBXGroup;
			children = (
				1BEFEBDF2AC1C87900DCFE9C /* MOBILE.app */,
			);
			name = Products;
			sourceTree = "<group>";
		};
		1BEFEBE12AC1C87900DCFE9C /* MOBILE */ = {
			isa = PBXGroup;
			children = (
				F8C81C112AF50C1500D8A601 /* Info.plist */,
				1BA4CFFF2AC4558300F21586 /* Core */,
				1BA4CFFE2AC4556900F21586 /* Components */,
				1BEFEBE22AC1C87900DCFE9C /* MOBILEApp.swift */,
				1BEFEBE62AC1C87A00DCFE9C /* Assets.xcassets */,
				1BEFEBE82AC1C87A00DCFE9C /* Preview Content */,
				1B6B92FF2AC2D4CE00C084CD /* Colors.swift */,
			);
			path = MOBILE;
			sourceTree = "<group>";
		};
		1BEFEBE82AC1C87A00DCFE9C /* Preview Content */ = {
			isa = PBXGroup;
			children = (
				1BEFEBE92AC1C87A00DCFE9C /* Preview Assets.xcassets */,
			);
			path = "Preview Content";
			sourceTree = "<group>";
		};
/* End PBXGroup section */

/* Begin PBXNativeTarget section */
		1BEFEBDE2AC1C87900DCFE9C /* MOBILE */ = {
			isa = PBXNativeTarget;
			buildConfigurationList = 1BEFEBED2AC1C87A00DCFE9C /* Build configuration list for PBXNativeTarget "MOBILE" */;
			buildPhases = (
				1BEFEBDB2AC1C87900DCFE9C /* Sources */,
				1BEFEBDC2AC1C87900DCFE9C /* Frameworks */,
				1BEFEBDD2AC1C87900DCFE9C /* Resources */,
			);
			buildRules = (
			);
			dependencies = (
			);
			name = MOBILE;
			packageProductDependencies = (
				1B67666B2ACD8BC600D638C3 /* Alamofire */,
				F8E8C7F52AF55200004D632C /* JWTDecode */,
			);
			productName = MOBILE;
			productReference = 1BEFEBDF2AC1C87900DCFE9C /* MOBILE.app */;
			productType = "com.apple.product-type.application";
		};
/* End PBXNativeTarget section */

/* Begin PBXProject section */
		1BEFEBD72AC1C87900DCFE9C /* Project object */ = {
			isa = PBXProject;
			attributes = {
				BuildIndependentTargetsInParallel = 1;
				LastSwiftUpdateCheck = 1500;
				LastUpgradeCheck = 1500;
				TargetAttributes = {
					1BEFEBDE2AC1C87900DCFE9C = {
						CreatedOnToolsVersion = 15.0;
					};
				};
			};
			buildConfigurationList = 1BEFEBDA2AC1C87900DCFE9C /* Build configuration list for PBXProject "MOBILE" */;
			compatibilityVersion = "Xcode 14.0";
			developmentRegion = en;
			hasScannedForEncodings = 0;
			knownRegions = (
				en,
				Base,
			);
			mainGroup = 1BEFEBD62AC1C87900DCFE9C;
			packageReferences = (
				1B67666A2ACD8BC600D638C3 /* XCRemoteSwiftPackageReference "Alamofire" */,
				F8E8C7F42AF55200004D632C /* XCRemoteSwiftPackageReference "JWTDecode.swift" */,
			);
			productRefGroup = 1BEFEBE02AC1C87900DCFE9C /* Products */;
			projectDirPath = "";
			projectRoot = "";
			targets = (
				1BEFEBDE2AC1C87900DCFE9C /* MOBILE */,
			);
		};
/* End PBXProject section */

/* Begin PBXResourcesBuildPhase section */
		1BEFEBDD2AC1C87900DCFE9C /* Resources */ = {
			isa = PBXResourcesBuildPhase;
			buildActionMask = 2147483647;
			files = (
				1BEFEBEA2AC1C87A00DCFE9C /* Preview Assets.xcassets in Resources */,
				1BEFEBE72AC1C87A00DCFE9C /* Assets.xcassets in Resources */,
			);
			runOnlyForDeploymentPostprocessing = 0;
		};
/* End PBXResourcesBuildPhase section */

/* Begin PBXSourcesBuildPhase section */
		1BEFEBDB2AC1C87900DCFE9C /* Sources */ = {
			isa = PBXSourcesBuildPhase;
			buildActionMask = 2147483647;
			files = (
				1BD8C79D2ACB5F8100A98950 /* HomeView.swift in Sources */,
				1BD8C79A2ACB5D3400A98950 /* ProfileView.swift in Sources */,
				F847406D2AF562C80095F711 /* DropboxView.swift in Sources */,
				1BB565FE2ACC0E8900A3738A /* SettingsRowView.swift in Sources */,
				1BA4D0062AC4563300F21586 /* ContentView.swift in Sources */,
				1B6D8C302AD1609000518331 /* TabView.swift in Sources */,
				1BB566002ACC12C800A3738A /* ServiceRowView.swift in Sources */,
				1B62E2D22ACACBE100CE05AB /* ButtonView.swift in Sources */,
				1B94D3022AF65B9000122C07 /* AreaInformationView.swift in Sources */,
				1B6B93002AC2D4CE00C084CD /* Colors.swift in Sources */,
				F8918EA02AD4353500FBE1F1 /* GoogleView.swift in Sources */,
				1B62E2D02ACAC9F400CE05AB /* RegistrationView.swift in Sources */,
				F847406F2AF568E10095F711 /* GithubView.swift in Sources */,
				1BA4D0082AC457D600F21586 /* InputView.swift in Sources */,
				F8B2B3F32AE6ABFC00FEFF49 /* SpotifyView.swift in Sources */,
				1BA4D0042AC4561E00F21586 /* LoginView.swift in Sources */,
				1BEFEBE32AC1C87900DCFE9C /* MOBILEApp.swift in Sources */,
				1B35FFA82AD1777A004E9BC5 /* CustomTabView.swift in Sources */,
				1B35FFAA2AD17B1F004E9BC5 /* AreaView.swift in Sources */,
				F8DE10AA2ACC3BB50053F76E /* CardView.swift in Sources */,
				F8DE10AF2ACC3E340053F76E /* AddCardView.swift in Sources */,
				1B28DD842AD8332000C17778 /* CreateAreaView.swift in Sources */,
			);
			runOnlyForDeploymentPostprocessing = 0;
		};
/* End PBXSourcesBuildPhase section */

/* Begin XCBuildConfiguration section */
		1BEFEBEB2AC1C87A00DCFE9C /* Debug */ = {
			isa = XCBuildConfiguration;
			buildSettings = {
				ALWAYS_SEARCH_USER_PATHS = NO;
				ASSETCATALOG_COMPILER_GENERATE_SWIFT_ASSET_SYMBOL_EXTENSIONS = YES;
				CLANG_ANALYZER_NONNULL = YES;
				CLANG_ANALYZER_NUMBER_OBJECT_CONVERSION = YES_AGGRESSIVE;
				CLANG_CXX_LANGUAGE_STANDARD = "gnu++20";
				CLANG_ENABLE_MODULES = YES;
				CLANG_ENABLE_OBJC_ARC = YES;
				CLANG_ENABLE_OBJC_WEAK = YES;
				CLANG_WARN_BLOCK_CAPTURE_AUTORELEASING = YES;
				CLANG_WARN_BOOL_CONVERSION = YES;
				CLANG_WARN_COMMA = YES;
				CLANG_WARN_CONSTANT_CONVERSION = YES;
				CLANG_WARN_DEPRECATED_OBJC_IMPLEMENTATIONS = YES;
				CLANG_WARN_DIRECT_OBJC_ISA_USAGE = YES_ERROR;
				CLANG_WARN_DOCUMENTATION_COMMENTS = YES;
				CLANG_WARN_EMPTY_BODY = YES;
				CLANG_WARN_ENUM_CONVERSION = YES;
				CLANG_WARN_INFINITE_RECURSION = YES;
				CLANG_WARN_INT_CONVERSION = YES;
				CLANG_WARN_NON_LITERAL_NULL_CONVERSION = YES;
				CLANG_WARN_OBJC_IMPLICIT_RETAIN_SELF = YES;
				CLANG_WARN_OBJC_LITERAL_CONVERSION = YES;
				CLANG_WARN_OBJC_ROOT_CLASS = YES_ERROR;
				CLANG_WARN_QUOTED_INCLUDE_IN_FRAMEWORK_HEADER = YES;
				CLANG_WARN_RANGE_LOOP_ANALYSIS = YES;
				CLANG_WARN_STRICT_PROTOTYPES = YES;
				CLANG_WARN_SUSPICIOUS_MOVE = YES;
				CLANG_WARN_UNGUARDED_AVAILABILITY = YES_AGGRESSIVE;
				CLANG_WARN_UNREACHABLE_CODE = YES;
				CLANG_WARN__DUPLICATE_METHOD_MATCH = YES;
				COPY_PHASE_STRIP = NO;
				DEBUG_INFORMATION_FORMAT = dwarf;
				ENABLE_STRICT_OBJC_MSGSEND = YES;
				ENABLE_TESTABILITY = YES;
				ENABLE_USER_SCRIPT_SANDBOXING = YES;
				GCC_C_LANGUAGE_STANDARD = gnu17;
				GCC_DYNAMIC_NO_PIC = NO;
				GCC_NO_COMMON_BLOCKS = YES;
				GCC_OPTIMIZATION_LEVEL = 0;
				GCC_PREPROCESSOR_DEFINITIONS = (
					"DEBUG=1",
					"$(inherited)",
				);
				GCC_WARN_64_TO_32_BIT_CONVERSION = YES;
				GCC_WARN_ABOUT_RETURN_TYPE = YES_ERROR;
				GCC_WARN_UNDECLARED_SELECTOR = YES;
				GCC_WARN_UNINITIALIZED_AUTOS = YES_AGGRESSIVE;
				GCC_WARN_UNUSED_FUNCTION = YES;
				GCC_WARN_UNUSED_VARIABLE = YES;
				IPHONEOS_DEPLOYMENT_TARGET = 17.0;
				LOCALIZATION_PREFERS_STRING_CATALOGS = YES;
				MTL_ENABLE_DEBUG_INFO = INCLUDE_SOURCE;
				MTL_FAST_MATH = YES;
				ONLY_ACTIVE_ARCH = YES;
				SDKROOT = iphoneos;
				SWIFT_ACTIVE_COMPILATION_CONDITIONS = "DEBUG $(inherited)";
				SWIFT_OPTIMIZATION_LEVEL = "-Onone";
			};
			name = Debug;
		};
		1BEFEBEC2AC1C87A00DCFE9C /* Release */ = {
			isa = XCBuildConfiguration;
			buildSettings = {
				ALWAYS_SEARCH_USER_PATHS = NO;
				ASSETCATALOG_COMPILER_GENERATE_SWIFT_ASSET_SYMBOL_EXTENSIONS = YES;
				CLANG_ANALYZER_NONNULL = YES;
				CLANG_ANALYZER_NUMBER_OBJECT_CONVERSION = YES_AGGRESSIVE;
				CLANG_CXX_LANGUAGE_STANDARD = "gnu++20";
				CLANG_ENABLE_MODULES = YES;
				CLANG_ENABLE_OBJC_ARC = YES;
				CLANG_ENABLE_OBJC_WEAK = YES;
				CLANG_WARN_BLOCK_CAPTURE_AUTORELEASING = YES;
				CLANG_WARN_BOOL_CONVERSION = YES;
				CLANG_WARN_COMMA = YES;
				CLANG_WARN_CONSTANT_CONVERSION = YES;
				CLANG_WARN_DEPRECATED_OBJC_IMPLEMENTATIONS = YES;
				CLANG_WARN_DIRECT_OBJC_ISA_USAGE = YES_ERROR;
				CLANG_WARN_DOCUMENTATION_COMMENTS = YES;
				CLANG_WARN_EMPTY_BODY = YES;
				CLANG_WARN_ENUM_CONVERSION = YES;
				CLANG_WARN_INFINITE_RECURSION = YES;
				CLANG_WARN_INT_CONVERSION = YES;
				CLANG_WARN_NON_LITERAL_NULL_CONVERSION = YES;
				CLANG_WARN_OBJC_IMPLICIT_RETAIN_SELF = YES;
				CLANG_WARN_OBJC_LITERAL_CONVERSION = YES;
				CLANG_WARN_OBJC_ROOT_CLASS = YES_ERROR;
				CLANG_WARN_QUOTED_INCLUDE_IN_FRAMEWORK_HEADER = YES;
				CLANG_WARN_RANGE_LOOP_ANALYSIS = YES;
				CLANG_WARN_STRICT_PROTOTYPES = YES;
				CLANG_WARN_SUSPICIOUS_MOVE = YES;
				CLANG_WARN_UNGUARDED_AVAILABILITY = YES_AGGRESSIVE;
				CLANG_WARN_UNREACHABLE_CODE = YES;
				CLANG_WARN__DUPLICATE_METHOD_MATCH = YES;
				COPY_PHASE_STRIP = NO;
				DEBUG_INFORMATION_FORMAT = "dwarf-with-dsym";
				ENABLE_NS_ASSERTIONS = NO;
				ENABLE_STRICT_OBJC_MSGSEND = YES;
				ENABLE_USER_SCRIPT_SANDBOXING = YES;
				GCC_C_LANGUAGE_STANDARD = gnu17;
				GCC_NO_COMMON_BLOCKS = YES;
				GCC_WARN_64_TO_32_BIT_CONVERSION = YES;
				GCC_WARN_ABOUT_RETURN_TYPE = YES_ERROR;
				GCC_WARN_UNDECLARED_SELECTOR = YES;
				GCC_WARN_UNINITIALIZED_AUTOS = YES_AGGRESSIVE;
				GCC_WARN_UNUSED_FUNCTION = YES;
				GCC_WARN_UNUSED_VARIABLE = YES;
				IPHONEOS_DEPLOYMENT_TARGET = 17.0;
				LOCALIZATION_PREFERS_STRING_CATALOGS = YES;
				MTL_ENABLE_DEBUG_INFO = NO;
				MTL_FAST_MATH = YES;
				SDKROOT = iphoneos;
				SWIFT_COMPILATION_MODE = wholemodule;
				VALIDATE_PRODUCT = YES;
			};
			name = Release;
		};
		1BEFEBEE2AC1C87A00DCFE9C /* Debug */ = {
			isa = XCBuildConfiguration;
			buildSettings = {
				ASSETCATALOG_COMPILER_APPICON_NAME = AppIcon;
				ASSETCATALOG_COMPILER_GLOBAL_ACCENT_COLOR_NAME = AccentColor;
				CODE_SIGN_STYLE = Automatic;
				CURRENT_PROJECT_VERSION = 1;
				DEVELOPMENT_ASSET_PATHS = "\"MOBILE/Preview Content\"";
				ENABLE_PREVIEWS = YES;
				GENERATE_INFOPLIST_FILE = YES;
				INFOPLIST_FILE = MOBILE/Info.plist;
				INFOPLIST_KEY_UIApplicationSceneManifest_Generation = YES;
				INFOPLIST_KEY_UIApplicationSupportsIndirectInputEvents = YES;
				INFOPLIST_KEY_UILaunchScreen_Generation = YES;
				INFOPLIST_KEY_UISupportedInterfaceOrientations_iPad = "UIInterfaceOrientationPortrait UIInterfaceOrientationPortraitUpsideDown UIInterfaceOrientationLandscapeLeft UIInterfaceOrientationLandscapeRight";
				INFOPLIST_KEY_UISupportedInterfaceOrientations_iPhone = "UIInterfaceOrientationPortrait UIInterfaceOrientationLandscapeLeft UIInterfaceOrientationLandscapeRight";
				LD_RUNPATH_SEARCH_PATHS = (
					"$(inherited)",
					"@executable_path/Frameworks",
				);
				MARKETING_VERSION = 1.0;
				PRODUCT_BUNDLE_IDENTIFIER = epitech.MOBILE;
				PRODUCT_NAME = "$(TARGET_NAME)";
				SWIFT_EMIT_LOC_STRINGS = YES;
				SWIFT_VERSION = 5.0;
				TARGETED_DEVICE_FAMILY = "1,2";
			};
			name = Debug;
		};
		1BEFEBEF2AC1C87A00DCFE9C /* Release */ = {
			isa = XCBuildConfiguration;
			buildSettings = {
				ASSETCATALOG_COMPILER_APPICON_NAME = AppIcon;
				ASSETCATALOG_COMPILER_GLOBAL_ACCENT_COLOR_NAME = AccentColor;
				CODE_SIGN_STYLE = Automatic;
				CURRENT_PROJECT_VERSION = 1;
				DEVELOPMENT_ASSET_PATHS = "\"MOBILE/Preview Content\"";
				ENABLE_PREVIEWS = YES;
				GENERATE_INFOPLIST_FILE = YES;
				INFOPLIST_FILE = MOBILE/Info.plist;
				INFOPLIST_KEY_UIApplicationSceneManifest_Generation = YES;
				INFOPLIST_KEY_UIApplicationSupportsIndirectInputEvents = YES;
				INFOPLIST_KEY_UILaunchScreen_Generation = YES;
				INFOPLIST_KEY_UISupportedInterfaceOrientations_iPad = "UIInterfaceOrientationPortrait UIInterfaceOrientationPortraitUpsideDown UIInterfaceOrientationLandscapeLeft UIInterfaceOrientationLandscapeRight";
				INFOPLIST_KEY_UISupportedInterfaceOrientations_iPhone = "UIInterfaceOrientationPortrait UIInterfaceOrientationLandscapeLeft UIInterfaceOrientationLandscapeRight";
				LD_RUNPATH_SEARCH_PATHS = (
					"$(inherited)",
					"@executable_path/Frameworks",
				);
				MARKETING_VERSION = 1.0;
				PRODUCT_BUNDLE_IDENTIFIER = epitech.MOBILE;
				PRODUCT_NAME = "$(TARGET_NAME)";
				SWIFT_EMIT_LOC_STRINGS = YES;
				SWIFT_VERSION = 5.0;
				TARGETED_DEVICE_FAMILY = "1,2";
			};
			name = Release;
		};
/* End XCBuildConfiguration section */

/* Begin XCConfigurationList section */
		1BEFEBDA2AC1C87900DCFE9C /* Build configuration list for PBXProject "MOBILE" */ = {
			isa = XCConfigurationList;
			buildConfigurations = (
				1BEFEBEB2AC1C87A00DCFE9C /* Debug */,
				1BEFEBEC2AC1C87A00DCFE9C /* Release */,
			);
			defaultConfigurationIsVisible = 0;
			defaultConfigurationName = Release;
		};
		1BEFEBED2AC1C87A00DCFE9C /* Build configuration list for PBXNativeTarget "MOBILE" */ = {
			isa = XCConfigurationList;
			buildConfigurations = (
				1BEFEBEE2AC1C87A00DCFE9C /* Debug */,
				1BEFEBEF2AC1C87A00DCFE9C /* Release */,
			);
			defaultConfigurationIsVisible = 0;
			defaultConfigurationName = Release;
		};
/* End XCConfigurationList section */

/* Begin XCRemoteSwiftPackageReference section */
		1B67666A2ACD8BC600D638C3 /* XCRemoteSwiftPackageReference "Alamofire" */ = {
			isa = XCRemoteSwiftPackageReference;
			repositoryURL = "https://github.com/Alamofire/Alamofire.git";
			requirement = {
				kind = upToNextMajorVersion;
				minimumVersion = 5.8.0;
			};
		};
		F8E8C7F42AF55200004D632C /* XCRemoteSwiftPackageReference "JWTDecode.swift" */ = {
			isa = XCRemoteSwiftPackageReference;
			repositoryURL = "https://github.com/auth0/JWTDecode.swift.git";
			requirement = {
				kind = upToNextMajorVersion;
				minimumVersion = 3.1.0;
			};
		};
/* End XCRemoteSwiftPackageReference section */

/* Begin XCSwiftPackageProductDependency section */
		1B67666B2ACD8BC600D638C3 /* Alamofire */ = {
			isa = XCSwiftPackageProductDependency;
			package = 1B67666A2ACD8BC600D638C3 /* XCRemoteSwiftPackageReference "Alamofire" */;
			productName = Alamofire;
		};
		F8E8C7F52AF55200004D632C /* JWTDecode */ = {
			isa = XCSwiftPackageProductDependency;
			package = F8E8C7F42AF55200004D632C /* XCRemoteSwiftPackageReference "JWTDecode.swift" */;
			productName = JWTDecode;
		};
/* End XCSwiftPackageProductDependency section */
	};
	rootObject = 1BEFEBD72AC1C87900DCFE9C /* Project object */;
}
